
Microsoft Visual Studio Solution File, Format Version 12.00
# Visual Studio Version 17
VisualStudioVersion = 17.5.002.0
MinimumVisualStudioVersion = 10.0.40219.1
Project("{2150E333-8FDC-42A3-9474-1A3956D46DE8}") = "web", "web", "{91835136-1BDE-446B-9771-AD27B923B12F}"
EndProject
Project("{9A19103F-16F7-4668-BE54-9A1E7A4F7556}") = "PBL2", "web\back-end\PBL2.csproj", "{97CC6144-EF52-4BC7-8A4A-91EC729A2807}"
EndProject
Global
	GlobalSection(SolutionConfigurationPlatforms) = preSolution
		Debug|Any CPU = Debug|Any CPU
		Release|Any CPU = Release|Any CPU
	EndGlobalSection
	GlobalSection(ProjectConfigurationPlatforms) = postSolution
		{97CC6144-EF52-4BC7-8A4A-91EC729A2807}.Debug|Any CPU.ActiveCfg = Debug|Any CPU
		{97CC6144-EF52-4BC7-8A4A-91EC729A2807}.Debug|Any CPU.Build.0 = Debug|Any CPU
		{97CC6144-EF52-4BC7-8A4A-91EC729A2807}.Release|Any CPU.ActiveCfg = Release|Any CPU
		{97CC6144-EF52-4BC7-8A4A-91EC729A2807}.Release|Any CPU.Build.0 = Release|Any CPU
	EndGlobalSection
	GlobalSection(SolutionProperties) = preSolution
		HideSolutionNode = FALSE
	EndGlobalSection
	GlobalSection(NestedProjects) = preSolution
		{97CC6144-EF52-4BC7-8A4A-91EC729A2807} = {91835136-1BDE-446B-9771-AD27B923B12F}
	EndGlobalSection
	GlobalSection(ExtensibilityGlobals) = postSolution
		SolutionGuid = {3203AC71-6952-4949-8E98-B64503FE8D4F}
	EndGlobalSection
EndGlobal
